// !$*UTF8*$!
{
	archiveVersion = 1;
	classes = {
	};
	objectVersion = 77;
	objects = {

/* Begin PBXBuildFile section */
		B80384FE2D03959B00139C49 /* FirebaseAuth in Frameworks */ = {isa = PBXBuildFile; productRef = B80384FD2D03959B00139C49 /* FirebaseAuth */; };
		B80385002D03959B00139C49 /* FirebaseFirestore in Frameworks */ = {isa = PBXBuildFile; productRef = B80384FF2D03959B00139C49 /* FirebaseFirestore */; };
		B8756F562D0C038800443843 /* README.md in Resources */ = {isa = PBXBuildFile; fileRef = B8756F552D0C038800443843 /* README.md */; };
		B8EBD92D2D07746200EC699B /* Config.xcconfig in Resources */ = {isa = PBXBuildFile; fileRef = B8EBD9122D07746200EC699B /* Config.xcconfig */; };
/* End PBXBuildFile section */

/* Begin PBXContainerItemProxy section */
		B80A93A82CF6B76F00A860CB /* PBXContainerItemProxy */ = {
			isa = PBXContainerItemProxy;
			containerPortal = B80A938F2CF6B76C00A860CB /* Project object */;
			proxyType = 1;
			remoteGlobalIDString = B80A93962CF6B76C00A860CB;
			remoteInfo = JustPick;
		};
		B80A93B22CF6B76F00A860CB /* PBXContainerItemProxy */ = {
			isa = PBXContainerItemProxy;
			containerPortal = B80A938F2CF6B76C00A860CB /* Project object */;
			proxyType = 1;
			remoteGlobalIDString = B80A93962CF6B76C00A860CB;
			remoteInfo = JustPick;
		};
/* End PBXContainerItemProxy section */

/* Begin PBXFileReference section */
		B80A93972CF6B76C00A860CB /* JustPick.app */ = {isa = PBXFileReference; explicitFileType = wrapper.application; includeInIndex = 0; path = JustPick.app; sourceTree = BUILT_PRODUCTS_DIR; };
		B80A93A72CF6B76F00A860CB /* JustPickTests.xctest */ = {isa = PBXFileReference; explicitFileType = wrapper.cfbundle; includeInIndex = 0; path = JustPickTests.xctest; sourceTree = BUILT_PRODUCTS_DIR; };
		B80A93B12CF6B76F00A860CB /* JustPickUITests.xctest */ = {isa = PBXFileReference; explicitFileType = wrapper.cfbundle; includeInIndex = 0; path = JustPickUITests.xctest; sourceTree = BUILT_PRODUCTS_DIR; };
		B8756F552D0C038800443843 /* README.md */ = {isa = PBXFileReference; lastKnownFileType = net.daringfireball.markdown; path = README.md; sourceTree = "<group>"; };
		B87ED3A92D06181D009EE702 /* Config.xcconfig */ = {isa = PBXFileReference; lastKnownFileType = text.xcconfig; path = Config.xcconfig; sourceTree = "<group>"; };
		B8EBD9122D07746200EC699B /* Config.xcconfig */ = {isa = PBXFileReference; lastKnownFileType = text.xcconfig; path = Config.xcconfig; sourceTree = "<group>"; };
/* End PBXFileReference section */

/* Begin PBXFileSystemSynchronizedBuildFileExceptionSet section */
		B80384FA2D0394A300139C49 /* Exceptions for "JustPick" folder in "JustPickTests" target */ = {
			isa = PBXFileSystemSynchronizedBuildFileExceptionSet;
			membershipExceptions = (
				"GoogleService-Info.plist",
			);
			target = B80A93A62CF6B76F00A860CB /* JustPickTests */;
		};
		B80384FB2D0394A300139C49 /* Exceptions for "JustPick" folder in "JustPickUITests" target */ = {
			isa = PBXFileSystemSynchronizedBuildFileExceptionSet;
			membershipExceptions = (
				"GoogleService-Info.plist",
			);
			target = B80A93B02CF6B76F00A860CB /* JustPickUITests */;
		};
		B8E849002CF7B721001F97E8 /* Exceptions for "JustPick" folder in "JustPick" target */ = {
			isa = PBXFileSystemSynchronizedBuildFileExceptionSet;
			membershipExceptions = (
				Info.plist,
			);
			target = B80A93962CF6B76C00A860CB /* JustPick */;
		};
/* End PBXFileSystemSynchronizedBuildFileExceptionSet section */

/* Begin PBXFileSystemSynchronizedRootGroup section */
		B80A93992CF6B76C00A860CB /* JustPick */ = {
			isa = PBXFileSystemSynchronizedRootGroup;
			exceptions = (
				B8E849002CF7B721001F97E8 /* Exceptions for "JustPick" folder in "JustPick" target */,
				B80384FA2D0394A300139C49 /* Exceptions for "JustPick" folder in "JustPickTests" target */,
				B80384FB2D0394A300139C49 /* Exceptions for "JustPick" folder in "JustPickUITests" target */,
			);
			path = JustPick;
			sourceTree = "<group>";
		};
		B80A93AA2CF6B76F00A860CB /* JustPickTests */ = {
			isa = PBXFileSystemSynchronizedRootGroup;
			path = JustPickTests;
			sourceTree = "<group>";
		};
		B80A93B42CF6B76F00A860CB /* JustPickUITests */ = {
			isa = PBXFileSystemSynchronizedRootGroup;
			path = JustPickUITests;
			sourceTree = "<group>";
		};
/* End PBXFileSystemSynchronizedRootGroup section */

/* Begin PBXFrameworksBuildPhase section */
		B80A93942CF6B76C00A860CB /* Frameworks */ = {
			isa = PBXFrameworksBuildPhase;
			buildActionMask = 2147483647;
			files = (
				B80384FE2D03959B00139C49 /* FirebaseAuth in Frameworks */,
				B80385002D03959B00139C49 /* FirebaseFirestore in Frameworks */,
			);
			runOnlyForDeploymentPostprocessing = 0;
		};
		B80A93A42CF6B76F00A860CB /* Frameworks */ = {
			isa = PBXFrameworksBuildPhase;
			buildActionMask = 2147483647;
			files = (
			);
			runOnlyForDeploymentPostprocessing = 0;
		};
		B80A93AE2CF6B76F00A860CB /* Frameworks */ = {
			isa = PBXFrameworksBuildPhase;
			buildActionMask = 2147483647;
			files = (
			);
			runOnlyForDeploymentPostprocessing = 0;
		};
/* End PBXFrameworksBuildPhase section */

/* Begin PBXGroup section */
		B80A938E2CF6B76C00A860CB = {
			isa = PBXGroup;
			children = (
				B8756F552D0C038800443843 /* README.md */,
				B80A93992CF6B76C00A860CB /* JustPick */,
				B80A93AA2CF6B76F00A860CB /* JustPickTests */,
				B80A93B42CF6B76F00A860CB /* JustPickUITests */,
				B80A93982CF6B76C00A860CB /* Products */,
				B8EBD9092D07746200EC699B /* Recovered References */,
				B8EBD9122D07746200EC699B /* Config.xcconfig */,
			);
			sourceTree = "<group>";
		};
		B80A93982CF6B76C00A860CB /* Products */ = {
			isa = PBXGroup;
			children = (
				B80A93972CF6B76C00A860CB /* JustPick.app */,
				B80A93A72CF6B76F00A860CB /* JustPickTests.xctest */,
				B80A93B12CF6B76F00A860CB /* JustPickUITests.xctest */,
			);
			name = Products;
			sourceTree = "<group>";
		};
		B8EBD9092D07746200EC699B /* Recovered References */ = {
			isa = PBXGroup;
			children = (
				B87ED3A92D06181D009EE702 /* Config.xcconfig */,
			);
			name = "Recovered References";
			sourceTree = "<group>";
		};
/* End PBXGroup section */

/* Begin PBXNativeTarget section */
		B80A93962CF6B76C00A860CB /* JustPick */ = {
			isa = PBXNativeTarget;
			buildConfigurationList = B80A93BB2CF6B76F00A860CB /* Build configuration list for PBXNativeTarget "JustPick" */;
			buildPhases = (
				B80A93932CF6B76C00A860CB /* Sources */,
				B80A93942CF6B76C00A860CB /* Frameworks */,
				B80A93952CF6B76C00A860CB /* Resources */,
			);
			buildRules = (
			);
			dependencies = (
			);
			fileSystemSynchronizedGroups = (
				B80A93992CF6B76C00A860CB /* JustPick */,
			);
			name = JustPick;
			packageProductDependencies = (
				B80384FD2D03959B00139C49 /* FirebaseAuth */,
				B80384FF2D03959B00139C49 /* FirebaseFirestore */,
			);
			productName = JustPick;
			productReference = B80A93972CF6B76C00A860CB /* JustPick.app */;
			productType = "com.apple.product-type.application";
		};
		B80A93A62CF6B76F00A860CB /* JustPickTests */ = {
			isa = PBXNativeTarget;
			buildConfigurationList = B80A93BE2CF6B76F00A860CB /* Build configuration list for PBXNativeTarget "JustPickTests" */;
			buildPhases = (
				B80A93A32CF6B76F00A860CB /* Sources */,
				B80A93A42CF6B76F00A860CB /* Frameworks */,
				B80A93A52CF6B76F00A860CB /* Resources */,
			);
			buildRules = (
			);
			dependencies = (
				B80A93A92CF6B76F00A860CB /* PBXTargetDependency */,
			);
			fileSystemSynchronizedGroups = (
				B80A93AA2CF6B76F00A860CB /* JustPickTests */,
			);
			name = JustPickTests;
			packageProductDependencies = (
			);
			productName = JustPickTests;
			productReference = B80A93A72CF6B76F00A860CB /* JustPickTests.xctest */;
			productType = "com.apple.product-type.bundle.unit-test";
		};
		B80A93B02CF6B76F00A860CB /* JustPickUITests */ = {
			isa = PBXNativeTarget;
			buildConfigurationList = B80A93C12CF6B76F00A860CB /* Build configuration list for PBXNativeTarget "JustPickUITests" */;
			buildPhases = (
				B80A93AD2CF6B76F00A860CB /* Sources */,
				B80A93AE2CF6B76F00A860CB /* Frameworks */,
				B80A93AF2CF6B76F00A860CB /* Resources */,
			);
			buildRules = (
			);
			dependencies = (
				B80A93B32CF6B76F00A860CB /* PBXTargetDependency */,
			);
			fileSystemSynchronizedGroups = (
				B80A93B42CF6B76F00A860CB /* JustPickUITests */,
			);
			name = JustPickUITests;
			packageProductDependencies = (
			);
			productName = JustPickUITests;
			productReference = B80A93B12CF6B76F00A860CB /* JustPickUITests.xctest */;
			productType = "com.apple.product-type.bundle.ui-testing";
		};
/* End PBXNativeTarget section */

/* Begin PBXProject section */
		B80A938F2CF6B76C00A860CB /* Project object */ = {
			isa = PBXProject;
			attributes = {
				BuildIndependentTargetsInParallel = 1;
				LastSwiftUpdateCheck = 1610;
				LastUpgradeCheck = 1610;
				TargetAttributes = {
					B80A93962CF6B76C00A860CB = {
						CreatedOnToolsVersion = 16.1;
					};
					B80A93A62CF6B76F00A860CB = {
						CreatedOnToolsVersion = 16.1;
						TestTargetID = B80A93962CF6B76C00A860CB;
					};
					B80A93B02CF6B76F00A860CB = {
						CreatedOnToolsVersion = 16.1;
						TestTargetID = B80A93962CF6B76C00A860CB;
					};
				};
			};
			buildConfigurationList = B80A93922CF6B76C00A860CB /* Build configuration list for PBXProject "JustPick" */;
			developmentRegion = en;
			hasScannedForEncodings = 0;
			knownRegions = (
				en,
				Base,
			);
			mainGroup = B80A938E2CF6B76C00A860CB;
			minimizedProjectReferenceProxies = 1;
			packageReferences = (
				B80384FC2D03959B00139C49 /* XCRemoteSwiftPackageReference "firebase-ios-sdk" */,
			);
			preferredProjectObjectVersion = 77;
			productRefGroup = B80A93982CF6B76C00A860CB /* Products */;
			projectDirPath = "";
			projectRoot = "";
			targets = (
				B80A93962CF6B76C00A860CB /* JustPick */,
				B80A93A62CF6B76F00A860CB /* JustPickTests */,
				B80A93B02CF6B76F00A860CB /* JustPickUITests */,
			);
		};
/* End PBXProject section */

/* Begin PBXResourcesBuildPhase section */
		B80A93952CF6B76C00A860CB /* Resources */ = {
			isa = PBXResourcesBuildPhase;
			buildActionMask = 2147483647;
			files = (
				B8EBD92D2D07746200EC699B /* Config.xcconfig in Resources */,
				B8756F562D0C038800443843 /* README.md in Resources */,
			);
			runOnlyForDeploymentPostprocessing = 0;
		};
		B80A93A52CF6B76F00A860CB /* Resources */ = {
			isa = PBXResourcesBuildPhase;
			buildActionMask = 2147483647;
			files = (
			);
			runOnlyForDeploymentPostprocessing = 0;
		};
		B80A93AF2CF6B76F00A860CB /* Resources */ = {
			isa = PBXResourcesBuildPhase;
			buildActionMask = 2147483647;
			files = (
			);
			runOnlyForDeploymentPostprocessing = 0;
		};
/* End PBXResourcesBuildPhase section */

/* Begin PBXSourcesBuildPhase section */
		B80A93932CF6B76C00A860CB /* Sources */ = {
			isa = PBXSourcesBuildPhase;
			buildActionMask = 2147483647;
			files = (
			);
			runOnlyForDeploymentPostprocessing = 0;
		};
		B80A93A32CF6B76F00A860CB /* Sources */ = {
			isa = PBXSourcesBuildPhase;
			buildActionMask = 2147483647;
			files = (
			);
			runOnlyForDeploymentPostprocessing = 0;
		};
		B80A93AD2CF6B76F00A860CB /* Sources */ = {
			isa = PBXSourcesBuildPhase;
			buildActionMask = 2147483647;
			files = (
			);
			runOnlyForDeploymentPostprocessing = 0;
		};
/* End PBXSourcesBuildPhase section */

/* Begin PBXTargetDependency section */
		B80A93A92CF6B76F00A860CB /* PBXTargetDependency */ = {
			isa = PBXTargetDependency;
			target = B80A93962CF6B76C00A860CB /* JustPick */;
			targetProxy = B80A93A82CF6B76F00A860CB /* PBXContainerItemProxy */;
		};
		B80A93B32CF6B76F00A860CB /* PBXTargetDependency */ = {
			isa = PBXTargetDependency;
			target = B80A93962CF6B76C00A860CB /* JustPick */;
			targetProxy = B80A93B22CF6B76F00A860CB /* PBXContainerItemProxy */;
		};
/* End PBXTargetDependency section */

/* Begin XCBuildConfiguration section */
		B80A93B92CF6B76F00A860CB /* Debug */ = {
			isa = XCBuildConfiguration;
			baseConfigurationReference = B87ED3A92D06181D009EE702 /* Config.xcconfig */;
			buildSettings = {
				ALWAYS_SEARCH_USER_PATHS = NO;
				ASSETCATALOG_COMPILER_GENERATE_SWIFT_ASSET_SYMBOL_EXTENSIONS = YES;
				CLANG_ANALYZER_NONNULL = YES;
				CLANG_ANALYZER_NUMBER_OBJECT_CONVERSION = YES_AGGRESSIVE;
				CLANG_CXX_LANGUAGE_STANDARD = "gnu++20";
				CLANG_ENABLE_MODULES = YES;
				CLANG_ENABLE_OBJC_ARC = YES;
				CLANG_ENABLE_OBJC_WEAK = YES;
				CLANG_WARN_BLOCK_CAPTURE_AUTORELEASING = YES;
				CLANG_WARN_BOOL_CONVERSION = YES;
				CLANG_WARN_COMMA = YES;
				CLANG_WARN_CONSTANT_CONVERSION = YES;
				CLANG_WARN_DEPRECATED_OBJC_IMPLEMENTATIONS = YES;
				CLANG_WARN_DIRECT_OBJC_ISA_USAGE = YES_ERROR;
				CLANG_WARN_DOCUMENTATION_COMMENTS = YES;
				CLANG_WARN_EMPTY_BODY = YES;
				CLANG_WARN_ENUM_CONVERSION = YES;
				CLANG_WARN_INFINITE_RECURSION = YES;
				CLANG_WARN_INT_CONVERSION = YES;
				CLANG_WARN_NON_LITERAL_NULL_CONVERSION = YES;
				CLANG_WARN_OBJC_IMPLICIT_RETAIN_SELF = YES;
				CLANG_WARN_OBJC_LITERAL_CONVERSION = YES;
				CLANG_WARN_OBJC_ROOT_CLASS = YES_ERROR;
				CLANG_WARN_QUOTED_INCLUDE_IN_FRAMEWORK_HEADER = YES;
				CLANG_WARN_RANGE_LOOP_ANALYSIS = YES;
				CLANG_WARN_STRICT_PROTOTYPES = YES;
				CLANG_WARN_SUSPICIOUS_MOVE = YES;
				CLANG_WARN_UNGUARDED_AVAILABILITY = YES_AGGRESSIVE;
				CLANG_WARN_UNREACHABLE_CODE = YES;
				CLANG_WARN__DUPLICATE_METHOD_MATCH = YES;
				COPY_PHASE_STRIP = NO;
				DEBUG_INFORMATION_FORMAT = dwarf;
				ENABLE_STRICT_OBJC_MSGSEND = YES;
				ENABLE_TESTABILITY = YES;
				ENABLE_USER_SCRIPT_SANDBOXING = YES;
				GCC_C_LANGUAGE_STANDARD = gnu17;
				GCC_DYNAMIC_NO_PIC = NO;
				GCC_NO_COMMON_BLOCKS = YES;
				GCC_OPTIMIZATION_LEVEL = 0;
				GCC_PREPROCESSOR_DEFINITIONS = (
					"DEBUG=1",
					"$(inherited)",
				);
				GCC_WARN_64_TO_32_BIT_CONVERSION = YES;
				GCC_WARN_ABOUT_RETURN_TYPE = YES_ERROR;
				GCC_WARN_UNDECLARED_SELECTOR = YES;
				GCC_WARN_UNINITIALIZED_AUTOS = YES_AGGRESSIVE;
				GCC_WARN_UNUSED_FUNCTION = YES;
				GCC_WARN_UNUSED_VARIABLE = YES;
				IPHONEOS_DEPLOYMENT_TARGET = 18.1;
				LOCALIZATION_PREFERS_STRING_CATALOGS = YES;
				MTL_ENABLE_DEBUG_INFO = INCLUDE_SOURCE;
				MTL_FAST_MATH = YES;
				ONLY_ACTIVE_ARCH = YES;
				SDKROOT = iphoneos;
				SWIFT_ACTIVE_COMPILATION_CONDITIONS = "DEBUG $(inherited)";
				SWIFT_OPTIMIZATION_LEVEL = "-Onone";
			};
			name = Debug;
		};
		B80A93BA2CF6B76F00A860CB /* Release */ = {
			isa = XCBuildConfiguration;
			baseConfigurationReference = B87ED3A92D06181D009EE702 /* Config.xcconfig */;
			buildSettings = {
				ALWAYS_SEARCH_USER_PATHS = NO;
				ASSETCATALOG_COMPILER_GENERATE_SWIFT_ASSET_SYMBOL_EXTENSIONS = YES;
				CLANG_ANALYZER_NONNULL = YES;
				CLANG_ANALYZER_NUMBER_OBJECT_CONVERSION = YES_AGGRESSIVE;
				CLANG_CXX_LANGUAGE_STANDARD = "gnu++20";
				CLANG_ENABLE_MODULES = YES;
				CLANG_ENABLE_OBJC_ARC = YES;
				CLANG_ENABLE_OBJC_WEAK = YES;
				CLANG_WARN_BLOCK_CAPTURE_AUTORELEASING = YES;
				CLANG_WARN_BOOL_CONVERSION = YES;
				CLANG_WARN_COMMA = YES;
				CLANG_WARN_CONSTANT_CONVERSION = YES;
				CLANG_WARN_DEPRECATED_OBJC_IMPLEMENTATIONS = YES;
				CLANG_WARN_DIRECT_OBJC_ISA_USAGE = YES_ERROR;
				CLANG_WARN_DOCUMENTATION_COMMENTS = YES;
				CLANG_WARN_EMPTY_BODY = YES;
				CLANG_WARN_ENUM_CONVERSION = YES;
				CLANG_WARN_INFINITE_RECURSION = YES;
				CLANG_WARN_INT_CONVERSION = YES;
				CLANG_WARN_NON_LITERAL_NULL_CONVERSION = YES;
				CLANG_WARN_OBJC_IMPLICIT_RETAIN_SELF = YES;
				CLANG_WARN_OBJC_LITERAL_CONVERSION = YES;
				CLANG_WARN_OBJC_ROOT_CLASS = YES_ERROR;
				CLANG_WARN_QUOTED_INCLUDE_IN_FRAMEWORK_HEADER = YES;
				CLANG_WARN_RANGE_LOOP_ANALYSIS = YES;
				CLANG_WARN_STRICT_PROTOTYPES = YES;
				CLANG_WARN_SUSPICIOUS_MOVE = YES;
				CLANG_WARN_UNGUARDED_AVAILABILITY = YES_AGGRESSIVE;
				CLANG_WARN_UNREACHABLE_CODE = YES;
				CLANG_WARN__DUPLICATE_METHOD_MATCH = YES;
				COPY_PHASE_STRIP = NO;
				DEBUG_INFORMATION_FORMAT = "dwarf-with-dsym";
				ENABLE_NS_ASSERTIONS = NO;
				ENABLE_STRICT_OBJC_MSGSEND = YES;
				ENABLE_USER_SCRIPT_SANDBOXING = YES;
				GCC_C_LANGUAGE_STANDARD = gnu17;
				GCC_NO_COMMON_BLOCKS = YES;
				GCC_WARN_64_TO_32_BIT_CONVERSION = YES;
				GCC_WARN_ABOUT_RETURN_TYPE = YES_ERROR;
				GCC_WARN_UNDECLARED_SELECTOR = YES;
				GCC_WARN_UNINITIALIZED_AUTOS = YES_AGGRESSIVE;
				GCC_WARN_UNUSED_FUNCTION = YES;
				GCC_WARN_UNUSED_VARIABLE = YES;
				IPHONEOS_DEPLOYMENT_TARGET = 18.1;
				LOCALIZATION_PREFERS_STRING_CATALOGS = YES;
				MTL_ENABLE_DEBUG_INFO = NO;
				MTL_FAST_MATH = YES;
				SDKROOT = iphoneos;
				SWIFT_COMPILATION_MODE = wholemodule;
				VALIDATE_PRODUCT = YES;
			};
			name = Release;
		};
		B80A93BC2CF6B76F00A860CB /* Debug */ = {
			isa = XCBuildConfiguration;
			baseConfigurationReference = B87ED3A92D06181D009EE702 /* Config.xcconfig */;
			buildSettings = {
				ASSETCATALOG_COMPILER_APPICON_NAME = AppIcon;
				ASSETCATALOG_COMPILER_GLOBAL_ACCENT_COLOR_NAME = AccentColor;
				CODE_SIGN_STYLE = Automatic;
				CURRENT_PROJECT_VERSION = 1;
				DEVELOPMENT_ASSET_PATHS = "\"JustPick/Preview Content\"";
				DEVELOPMENT_TEAM = K4Z2G62S65;
				ENABLE_PREVIEWS = YES;
				GENERATE_INFOPLIST_FILE = YES;
				INFOPLIST_FILE = JustPick/Info.plist;
				INFOPLIST_KEY_UIApplicationSceneManifest_Generation = YES;
				INFOPLIST_KEY_UIApplicationSupportsIndirectInputEvents = YES;
				INFOPLIST_KEY_UILaunchScreen_Generation = YES;
				INFOPLIST_KEY_UISupportedInterfaceOrientations_iPad = "UIInterfaceOrientationPortrait UIInterfaceOrientationPortraitUpsideDown UIInterfaceOrientationLandscapeLeft UIInterfaceOrientationLandscapeRight";
				INFOPLIST_KEY_UISupportedInterfaceOrientations_iPhone = "UIInterfaceOrientationPortrait UIInterfaceOrientationLandscapeLeft UIInterfaceOrientationLandscapeRight";
				IPHONEOS_DEPLOYMENT_TARGET = 17.6;
				LD_RUNPATH_SEARCH_PATHS = (
					"$(inherited)",
					"@executable_path/Frameworks",
				);
				MARKETING_VERSION = 1.0;
				PRODUCT_BUNDLE_IDENTIFIER = com.jfelic.JustPick.JustPick;
				PRODUCT_NAME = "$(TARGET_NAME)";
				SWIFT_EMIT_LOC_STRINGS = YES;
				SWIFT_VERSION = 5.0;
				TARGETED_DEVICE_FAMILY = "1,2";
			};
			name = Debug;
		};
		B80A93BD2CF6B76F00A860CB /* Release */ = {
			isa = XCBuildConfiguration;
			baseConfigurationReference = B87ED3A92D06181D009EE702 /* Config.xcconfig */;
			buildSettings = {
				ASSETCATALOG_COMPILER_APPICON_NAME = AppIcon;
				ASSETCATALOG_COMPILER_GLOBAL_ACCENT_COLOR_NAME = AccentColor;
				CODE_SIGN_STYLE = Automatic;
				CURRENT_PROJECT_VERSION = 1;
				DEVELOPMENT_ASSET_PATHS = "\"JustPick/Preview Content\"";
				DEVELOPMENT_TEAM = K4Z2G62S65;
				ENABLE_PREVIEWS = YES;
				GENERATE_INFOPLIST_FILE = YES;
				INFOPLIST_FILE = JustPick/Info.plist;
				INFOPLIST_KEY_UIApplicationSceneManifest_Generation = YES;
				INFOPLIST_KEY_UIApplicationSupportsIndirectInputEvents = YES;
				INFOPLIST_KEY_UILaunchScreen_Generation = YES;
				INFOPLIST_KEY_UISupportedInterfaceOrientations_iPad = "UIInterfaceOrientationPortrait UIInterfaceOrientationPortraitUpsideDown UIInterfaceOrientationLandscapeLeft UIInterfaceOrientationLandscapeRight";
				INFOPLIST_KEY_UISupportedInterfaceOrientations_iPhone = "UIInterfaceOrientationPortrait UIInterfaceOrientationLandscapeLeft UIInterfaceOrientationLandscapeRight";
				IPHONEOS_DEPLOYMENT_TARGET = 17.6;
				LD_RUNPATH_SEARCH_PATHS = (
					"$(inherited)",
					"@executable_path/Frameworks",
				);
				MARKETING_VERSION = 1.0;
				PRODUCT_BUNDLE_IDENTIFIER = com.jfelic.JustPick.JustPick;
				PRODUCT_NAME = "$(TARGET_NAME)";
				SWIFT_EMIT_LOC_STRINGS = YES;
				SWIFT_VERSION = 5.0;
				TARGETED_DEVICE_FAMILY = "1,2";
			};
			name = Release;
		};
		B80A93BF2CF6B76F00A860CB /* Debug */ = {
			isa = XCBuildConfiguration;
			buildSettings = {
				BUNDLE_LOADER = "$(TEST_HOST)";
				CODE_SIGN_STYLE = Automatic;
				CURRENT_PROJECT_VERSION = 1;
				GENERATE_INFOPLIST_FILE = YES;
				IPHONEOS_DEPLOYMENT_TARGET = 18.1;
				MARKETING_VERSION = 1.0;
				PRODUCT_BUNDLE_IDENTIFIER = com.jfelic.JustPick.JustPickTests;
				PRODUCT_NAME = "$(TARGET_NAME)";
				SWIFT_EMIT_LOC_STRINGS = NO;
				SWIFT_VERSION = 5.0;
				TARGETED_DEVICE_FAMILY = "1,2";
				TEST_HOST = "$(BUILT_PRODUCTS_DIR)/JustPick.app/$(BUNDLE_EXECUTABLE_FOLDER_PATH)/JustPick";
			};
			name = Debug;
		};
		B80A93C02CF6B76F00A860CB /* Release */ = {
			isa = XCBuildConfiguration;
			buildSettings = {
				BUNDLE_LOADER = "$(TEST_HOST)";
				CODE_SIGN_STYLE = Automatic;
				CURRENT_PROJECT_VERSION = 1;
				GENERATE_INFOPLIST_FILE = YES;
				IPHONEOS_DEPLOYMENT_TARGET = 18.1;
				MARKETING_VERSION = 1.0;
				PRODUCT_BUNDLE_IDENTIFIER = com.jfelic.JustPick.JustPickTests;
				PRODUCT_NAME = "$(TARGET_NAME)";
				SWIFT_EMIT_LOC_STRINGS = NO;
				SWIFT_VERSION = 5.0;
				TARGETED_DEVICE_FAMILY = "1,2";
				TEST_HOST = "$(BUILT_PRODUCTS_DIR)/JustPick.app/$(BUNDLE_EXECUTABLE_FOLDER_PATH)/JustPick";
			};
			name = Release;
		};
		B80A93C22CF6B76F00A860CB /* Debug */ = {
			isa = XCBuildConfiguration;
			buildSettings = {
				CODE_SIGN_STYLE = Automatic;
				CURRENT_PROJECT_VERSION = 1;
				GENERATE_INFOPLIST_FILE = YES;
				MARKETING_VERSION = 1.0;
				PRODUCT_BUNDLE_IDENTIFIER = com.jfelic.JustPick.JustPickUITests;
				PRODUCT_NAME = "$(TARGET_NAME)";
				SWIFT_EMIT_LOC_STRINGS = NO;
				SWIFT_VERSION = 5.0;
				TARGETED_DEVICE_FAMILY = "1,2";
				TEST_TARGET_NAME = JustPick;
			};
			name = Debug;
		};
		B80A93C32CF6B76F00A860CB /* Release */ = {
			isa = XCBuildConfiguration;
			buildSettings = {
				CODE_SIGN_STYLE = Automatic;
				CURRENT_PROJECT_VERSION = 1;
				GENERATE_INFOPLIST_FILE = YES;
				MARKETING_VERSION = 1.0;
				PRODUCT_BUNDLE_IDENTIFIER = com.jfelic.JustPick.JustPickUITests;
				PRODUCT_NAME = "$(TARGET_NAME)";
				SWIFT_EMIT_LOC_STRINGS = NO;
				SWIFT_VERSION = 5.0;
				TARGETED_DEVICE_FAMILY = "1,2";
				TEST_TARGET_NAME = JustPick;
			};
			name = Release;
		};
/* End XCBuildConfiguration section */

/* Begin XCConfigurationList section */
		B80A93922CF6B76C00A860CB /* Build configuration list for PBXProject "JustPick" */ = {
			isa = XCConfigurationList;
			buildConfigurations = (
				B80A93B92CF6B76F00A860CB /* Debug */,
				B80A93BA2CF6B76F00A860CB /* Release */,
			);
			defaultConfigurationIsVisible = 0;
			defaultConfigurationName = Release;
		};
		B80A93BB2CF6B76F00A860CB /* Build configuration list for PBXNativeTarget "JustPick" */ = {
			isa = XCConfigurationList;
			buildConfigurations = (
				B80A93BC2CF6B76F00A860CB /* Debug */,
				B80A93BD2CF6B76F00A860CB /* Release */,
			);
			defaultConfigurationIsVisible = 0;
			defaultConfigurationName = Release;
		};
		B80A93BE2CF6B76F00A860CB /* Build configuration list for PBXNativeTarget "JustPickTests" */ = {
			isa = XCConfigurationList;
			buildConfigurations = (
				B80A93BF2CF6B76F00A860CB /* Debug */,
				B80A93C02CF6B76F00A860CB /* Release */,
			);
			defaultConfigurationIsVisible = 0;
			defaultConfigurationName = Release;
		};
		B80A93C12CF6B76F00A860CB /* Build configuration list for PBXNativeTarget "JustPickUITests" */ = {
			isa = XCConfigurationList;
			buildConfigurations = (
				B80A93C22CF6B76F00A860CB /* Debug */,
				B80A93C32CF6B76F00A860CB /* Release */,
			);
			defaultConfigurationIsVisible = 0;
			defaultConfigurationName = Release;
		};
/* End XCConfigurationList section */

/* Begin XCRemoteSwiftPackageReference section */
		B80384FC2D03959B00139C49 /* XCRemoteSwiftPackageReference "firebase-ios-sdk" */ = {
			isa = XCRemoteSwiftPackageReference;
			repositoryURL = "https://github.com/firebase/firebase-ios-sdk.git";
			requirement = {
				kind = upToNextMajorVersion;
				minimumVersion = 11.6.0;
			};
		};
/* End XCRemoteSwiftPackageReference section */

/* Begin XCSwiftPackageProductDependency section */
		B80384FD2D03959B00139C49 /* FirebaseAuth */ = {
			isa = XCSwiftPackageProductDependency;
			package = B80384FC2D03959B00139C49 /* XCRemoteSwiftPackageReference "firebase-ios-sdk" */;
			productName = FirebaseAuth;
		};
		B80384FF2D03959B00139C49 /* FirebaseFirestore */ = {
			isa = XCSwiftPackageProductDependency;
			package = B80384FC2D03959B00139C49 /* XCRemoteSwiftPackageReference "firebase-ios-sdk" */;
			productName = FirebaseFirestore;
		};
/* End XCSwiftPackageProductDependency section */
	};
	rootObject = B80A938F2CF6B76C00A860CB /* Project object */;
}
